
Microsoft Visual Studio Solution File, Format Version 12.00
# Visual Studio 15
VisualStudioVersion = 15.0.27004.2006
MinimumVisualStudioVersion = 10.0.40219.1
Project("{2150E333-8FDC-42A3-9474-1A3956D46DE8}") = "ReactFrontend", "ReactFrontend", "{C41C4410-BBCD-4E98-89F6-03BA5DB09E9A}"
EndProject
Project("{2150E333-8FDC-42A3-9474-1A3956D46DE8}") = "Umbraco", "Umbraco", "{E6F19DE3-A7D2-4D42-94CA-B532061AB785}"
EndProject
Project("{FAE04EC0-301F-11D3-BF4B-00C04F79EFBC}") = "UmbracoCMS", "UmbracoCMS\UmbracoCMS.csproj", "{F81DEEB3-F0DF-4FDE-92FE-460887EF4E22}"
EndProject
Project("{9092AA53-FB77-4645-B42D-1CCCA6BD08BD}") = "react_frontend", "react_frontend\react_frontend.njsproj", "{6CF41F68-5C4F-4743-94B4-12D0AB976BE2}"
EndProject
Global
	GlobalSection(SolutionConfigurationPlatforms) = preSolution
		Debug|Any CPU = Debug|Any CPU
		Release|Any CPU = Release|Any CPU
	EndGlobalSection
	GlobalSection(ProjectConfigurationPlatforms) = postSolution
		{F81DEEB3-F0DF-4FDE-92FE-460887EF4E22}.Debug|Any CPU.ActiveCfg = Debug|Any CPU
		{F81DEEB3-F0DF-4FDE-92FE-460887EF4E22}.Debug|Any CPU.Build.0 = Debug|Any CPU
		{F81DEEB3-F0DF-4FDE-92FE-460887EF4E22}.Release|Any CPU.ActiveCfg = Release|Any CPU
		{F81DEEB3-F0DF-4FDE-92FE-460887EF4E22}.Release|Any CPU.Build.0 = Release|Any CPU
		{6CF41F68-5C4F-4743-94B4-12D0AB976BE2}.Debug|Any CPU.ActiveCfg = Debug|Any CPU
		{6CF41F68-5C4F-4743-94B4-12D0AB976BE2}.Debug|Any CPU.Build.0 = Debug|Any CPU
		{6CF41F68-5C4F-4743-94B4-12D0AB976BE2}.Release|Any CPU.ActiveCfg = Release|Any CPU
		{6CF41F68-5C4F-4743-94B4-12D0AB976BE2}.Release|Any CPU.Build.0 = Release|Any CPU
	EndGlobalSection
	GlobalSection(SolutionProperties) = preSolution
		HideSolutionNode = FALSE
	EndGlobalSection
	GlobalSection(NestedProjects) = preSolution
		{F81DEEB3-F0DF-4FDE-92FE-460887EF4E22} = {E6F19DE3-A7D2-4D42-94CA-B532061AB785}
		{6CF41F68-5C4F-4743-94B4-12D0AB976BE2} = {C41C4410-BBCD-4E98-89F6-03BA5DB09E9A}
	EndGlobalSection
	GlobalSection(ExtensibilityGlobals) = postSolution
		SolutionGuid = {273346DC-EA4B-4D89-935F-2A1F23340012}
	EndGlobalSection
EndGlobal
